
Microsoft Visual Studio Solution File, Format Version 12.00
# Visual Studio 15
VisualStudioVersion = 15.0.27130.2027
MinimumVisualStudioVersion = 10.0.40219.1
Project("{FAE04EC0-301F-11D3-BF4B-00C04F79EFBC}") = "InsertionSort", "InsertionSort\InsertionSort.csproj", "{408AD5E4-F5AA-4BF5-9B8C-5A434EFAF76F}"
EndProject
Global
	GlobalSection(SolutionConfigurationPlatforms) = preSolution
		Debug|Any CPU = Debug|Any CPU
		Release|Any CPU = Release|Any CPU
	EndGlobalSection
	GlobalSection(ProjectConfigurationPlatforms) = postSolution
		{408AD5E4-F5AA-4BF5-9B8C-5A434EFAF76F}.Debug|Any CPU.ActiveCfg = Debug|Any CPU
		{408AD5E4-F5AA-4BF5-9B8C-5A434EFAF76F}.Debug|Any CPU.Build.0 = Debug|Any CPU
		{408AD5E4-F5AA-4BF5-9B8C-5A434EFAF76F}.Release|Any CPU.ActiveCfg = Release|Any CPU
		{408AD5E4-F5AA-4BF5-9B8C-5A434EFAF76F}.Release|Any CPU.Build.0 = Release|Any CPU
	EndGlobalSection
	GlobalSection(SolutionProperties) = preSolution
		HideSolutionNode = FALSE
	EndGlobalSection
	GlobalSection(ExtensibilityGlobals) = postSolution
		SolutionGuid = {5212733E-8964-4A5D-AC66-CD9C243671C6}
	EndGlobalSection
EndGlobal
