
Microsoft Visual Studio Solution File, Format Version 12.00
# Visual Studio 15
VisualStudioVersion = 15.0.27130.2010
MinimumVisualStudioVersion = 10.0.40219.1
Project("{FAE04EC0-301F-11D3-BF4B-00C04F79EFBC}") = "StacksChallenge", "StacksChallenge\StacksChallenge.csproj", "{D6228108-75A9-4B14-B09C-D2434158EEB0}"
EndProject
Global
	GlobalSection(SolutionConfigurationPlatforms) = preSolution
		Debug|Any CPU = Debug|Any CPU
		Release|Any CPU = Release|Any CPU
	EndGlobalSection
	GlobalSection(ProjectConfigurationPlatforms) = postSolution
		{D6228108-75A9-4B14-B09C-D2434158EEB0}.Debug|Any CPU.ActiveCfg = Debug|Any CPU
		{D6228108-75A9-4B14-B09C-D2434158EEB0}.Debug|Any CPU.Build.0 = Debug|Any CPU
		{D6228108-75A9-4B14-B09C-D2434158EEB0}.Release|Any CPU.ActiveCfg = Release|Any CPU
		{D6228108-75A9-4B14-B09C-D2434158EEB0}.Release|Any CPU.Build.0 = Release|Any CPU
	EndGlobalSection
	GlobalSection(SolutionProperties) = preSolution
		HideSolutionNode = FALSE
	EndGlobalSection
	GlobalSection(ExtensibilityGlobals) = postSolution
		SolutionGuid = {F2FCED33-583B-4A7B-812F-67C5B1CDE68A}
	EndGlobalSection
EndGlobal
